// !$*UTF8*$!
{
	archiveVersion = 1;
	classes = {
	};
	objectVersion = 55;
	objects = {

/* Begin PBXBuildFile section */
		FA9B7AD52866494500E8EEC2 /* PodcastsTableViewCell.swift in Sources */ = {isa = PBXBuildFile; fileRef = FA9B7AD42866494500E8EEC2 /* PodcastsTableViewCell.swift */; };
		FA9B7AD728664D5700E8EEC2 /* PodcastCellViewModel.swift in Sources */ = {isa = PBXBuildFile; fileRef = FA9B7AD628664D5700E8EEC2 /* PodcastCellViewModel.swift */; };
		FA9B7AD92866578200E8EEC2 /* RequestError.swift in Sources */ = {isa = PBXBuildFile; fileRef = FA9B7AD82866578200E8EEC2 /* RequestError.swift */; };
		FA9B7ADB2866585600E8EEC2 /* UIImage+Combine.swift in Sources */ = {isa = PBXBuildFile; fileRef = FA9B7ADA2866585600E8EEC2 /* UIImage+Combine.swift */; };
		FA9B7ADD2866662100E8EEC2 /* PodcastsSearchViewModel.swift in Sources */ = {isa = PBXBuildFile; fileRef = FA9B7ADC2866662100E8EEC2 /* PodcastsSearchViewModel.swift */; };
		FA9B7ADF2869DCB900E8EEC2 /* PodcastsUseCase.swift in Sources */ = {isa = PBXBuildFile; fileRef = FA9B7ADE2869DCB900E8EEC2 /* PodcastsUseCase.swift */; };
		FA9B7AE12869FA3E00E8EEC2 /* Scheduler+Utils.swift in Sources */ = {isa = PBXBuildFile; fileRef = FA9B7AE02869FA3E00E8EEC2 /* Scheduler+Utils.swift */; };
		FA9B7AE5286A112300E8EEC2 /* Resource.swift in Sources */ = {isa = PBXBuildFile; fileRef = FA9B7AE4286A112300E8EEC2 /* Resource.swift */; };
		FA9B7AE7286A30E800E8EEC2 /* Publisher+Utils.swift in Sources */ = {isa = PBXBuildFile; fileRef = FA9B7AE6286A30E800E8EEC2 /* Publisher+Utils.swift */; };
		FA9B7AE9286AEA8500E8EEC2 /* NetworkLoader.swift in Sources */ = {isa = PBXBuildFile; fileRef = FA9B7AE8286AEA8500E8EEC2 /* NetworkLoader.swift */; };
		FA9B7AEB286B106E00E8EEC2 /* UITableView+Utils.swift in Sources */ = {isa = PBXBuildFile; fileRef = FA9B7AEA286B106E00E8EEC2 /* UITableView+Utils.swift */; };
		FA9B7AED286B632300E8EEC2 /* Navigation.swift in Sources */ = {isa = PBXBuildFile; fileRef = FA9B7AEC286B632300E8EEC2 /* Navigation.swift */; };
		FA9B7AF1286B8EB500E8EEC2 /* PodcastDetailsViewModel.swift in Sources */ = {isa = PBXBuildFile; fileRef = FA9B7AF0286B8EB500E8EEC2 /* PodcastDetailsViewModel.swift */; };
		FA9B7AFB286C6F5D00E8EEC2 /* ITunesAPITests.swift in Sources */ = {isa = PBXBuildFile; fileRef = FA9B7AFA286C6F5D00E8EEC2 /* ITunesAPITests.swift */; };
		FA9B7AFE286C701C00E8EEC2 /* URLProtocolMock.swift in Sources */ = {isa = PBXBuildFile; fileRef = FA9B7AFD286C701C00E8EEC2 /* URLProtocolMock.swift */; };
		FA9B7B03286C728C00E8EEC2 /* PodcastsResults.json in Resources */ = {isa = PBXBuildFile; fileRef = FA9B7B02286C728C00E8EEC2 /* PodcastsResults.json */; };
		FADE038F2865D83000C54C5A /* AppDelegate.swift in Sources */ = {isa = PBXBuildFile; fileRef = FADE038E2865D83000C54C5A /* AppDelegate.swift */; };
		FADE03912865D83000C54C5A /* SceneDelegate.swift in Sources */ = {isa = PBXBuildFile; fileRef = FADE03902865D83000C54C5A /* SceneDelegate.swift */; };
		FADE03932865D83000C54C5A /* PodcastsSearchViewController.swift in Sources */ = {isa = PBXBuildFile; fileRef = FADE03922865D83000C54C5A /* PodcastsSearchViewController.swift */; };
		FADE03962865D83000C54C5A /* Main.storyboard in Resources */ = {isa = PBXBuildFile; fileRef = FADE03942865D83000C54C5A /* Main.storyboard */; };
		FADE03992865D83000C54C5A /* TuneBrowse.xcdatamodeld in Sources */ = {isa = PBXBuildFile; fileRef = FADE03972865D83000C54C5A /* TuneBrowse.xcdatamodeld */; };
		FADE039B2865D83100C54C5A /* Assets.xcassets in Resources */ = {isa = PBXBuildFile; fileRef = FADE039A2865D83100C54C5A /* Assets.xcassets */; };
		FADE039E2865D83100C54C5A /* LaunchScreen.storyboard in Resources */ = {isa = PBXBuildFile; fileRef = FADE039C2865D83100C54C5A /* LaunchScreen.storyboard */; };
		FADE03B32865D83100C54C5A /* TuneBrowseUITests.swift in Sources */ = {isa = PBXBuildFile; fileRef = FADE03B22865D83100C54C5A /* TuneBrowseUITests.swift */; };
		FADE03B52865D83100C54C5A /* TuneBrowseUITestsLaunchTests.swift in Sources */ = {isa = PBXBuildFile; fileRef = FADE03B42865D83100C54C5A /* TuneBrowseUITestsLaunchTests.swift */; };
		FADE03C6286614B900C54C5A /* iTunesAPI.swift in Sources */ = {isa = PBXBuildFile; fileRef = FADE03C5286614B900C54C5A /* iTunesAPI.swift */; };
		FADE03C82866304C00C54C5A /* PodcastsResults.swift in Sources */ = {isa = PBXBuildFile; fileRef = FADE03C72866304C00C54C5A /* PodcastsResults.swift */; };
		FADE03CE286633F000C54C5A /* String+Utils.swift in Sources */ = {isa = PBXBuildFile; fileRef = FADE03CD286633F000C54C5A /* String+Utils.swift */; };
		FADE03D0286635BC00C54C5A /* Podcasts.swift in Sources */ = {isa = PBXBuildFile; fileRef = FADE03CF286635BC00C54C5A /* Podcasts.swift */; };
		FADE03D22866468B00C54C5A /* PodcastDetailsViewController.swift in Sources */ = {isa = PBXBuildFile; fileRef = FADE03D12866468B00C54C5A /* PodcastDetailsViewController.swift */; };
/* End PBXBuildFile section */

/* Begin PBXContainerItemProxy section */
		FADE03A52865D83100C54C5A /* PBXContainerItemProxy */ = {
			isa = PBXContainerItemProxy;
			containerPortal = FADE03832865D83000C54C5A /* Project object */;
			proxyType = 1;
			remoteGlobalIDString = FADE038A2865D83000C54C5A;
			remoteInfo = TuneBrowse;
		};
		FADE03AF2865D83100C54C5A /* PBXContainerItemProxy */ = {
			isa = PBXContainerItemProxy;
			containerPortal = FADE03832865D83000C54C5A /* Project object */;
			proxyType = 1;
			remoteGlobalIDString = FADE038A2865D83000C54C5A;
			remoteInfo = TuneBrowse;
		};
/* End PBXContainerItemProxy section */

/* Begin PBXFileReference section */
		FA9B7AD42866494500E8EEC2 /* PodcastsTableViewCell.swift */ = {isa = PBXFileReference; lastKnownFileType = sourcecode.swift; path = PodcastsTableViewCell.swift; sourceTree = "<group>"; };
		FA9B7AD628664D5700E8EEC2 /* PodcastCellViewModel.swift */ = {isa = PBXFileReference; lastKnownFileType = sourcecode.swift; path = PodcastCellViewModel.swift; sourceTree = "<group>"; };
		FA9B7AD82866578200E8EEC2 /* RequestError.swift */ = {isa = PBXFileReference; lastKnownFileType = sourcecode.swift; path = RequestError.swift; sourceTree = "<group>"; };
		FA9B7ADA2866585600E8EEC2 /* UIImage+Combine.swift */ = {isa = PBXFileReference; lastKnownFileType = sourcecode.swift; path = "UIImage+Combine.swift"; sourceTree = "<group>"; };
		FA9B7ADC2866662100E8EEC2 /* PodcastsSearchViewModel.swift */ = {isa = PBXFileReference; lastKnownFileType = sourcecode.swift; path = PodcastsSearchViewModel.swift; sourceTree = "<group>"; };
		FA9B7ADE2869DCB900E8EEC2 /* PodcastsUseCase.swift */ = {isa = PBXFileReference; lastKnownFileType = sourcecode.swift; path = PodcastsUseCase.swift; sourceTree = "<group>"; };
		FA9B7AE02869FA3E00E8EEC2 /* Scheduler+Utils.swift */ = {isa = PBXFileReference; lastKnownFileType = sourcecode.swift; path = "Scheduler+Utils.swift"; sourceTree = "<group>"; };
		FA9B7AE4286A112300E8EEC2 /* Resource.swift */ = {isa = PBXFileReference; lastKnownFileType = sourcecode.swift; path = Resource.swift; sourceTree = "<group>"; };
		FA9B7AE6286A30E800E8EEC2 /* Publisher+Utils.swift */ = {isa = PBXFileReference; lastKnownFileType = sourcecode.swift; path = "Publisher+Utils.swift"; sourceTree = "<group>"; };
		FA9B7AE8286AEA8500E8EEC2 /* NetworkLoader.swift */ = {isa = PBXFileReference; lastKnownFileType = sourcecode.swift; path = NetworkLoader.swift; sourceTree = "<group>"; };
		FA9B7AEA286B106E00E8EEC2 /* UITableView+Utils.swift */ = {isa = PBXFileReference; lastKnownFileType = sourcecode.swift; path = "UITableView+Utils.swift"; sourceTree = "<group>"; };
		FA9B7AEC286B632300E8EEC2 /* Navigation.swift */ = {isa = PBXFileReference; lastKnownFileType = sourcecode.swift; path = Navigation.swift; sourceTree = "<group>"; };
		FA9B7AF0286B8EB500E8EEC2 /* PodcastDetailsViewModel.swift */ = {isa = PBXFileReference; lastKnownFileType = sourcecode.swift; path = PodcastDetailsViewModel.swift; sourceTree = "<group>"; };
		FA9B7AFA286C6F5D00E8EEC2 /* ITunesAPITests.swift */ = {isa = PBXFileReference; lastKnownFileType = sourcecode.swift; path = ITunesAPITests.swift; sourceTree = "<group>"; };
		FA9B7AFD286C701C00E8EEC2 /* URLProtocolMock.swift */ = {isa = PBXFileReference; lastKnownFileType = sourcecode.swift; path = URLProtocolMock.swift; sourceTree = "<group>"; };
		FA9B7B02286C728C00E8EEC2 /* PodcastsResults.json */ = {isa = PBXFileReference; fileEncoding = 4; lastKnownFileType = text.json; path = PodcastsResults.json; sourceTree = "<group>"; };
		FADE038B2865D83000C54C5A /* TuneBrowse.app */ = {isa = PBXFileReference; explicitFileType = wrapper.application; includeInIndex = 0; path = TuneBrowse.app; sourceTree = BUILT_PRODUCTS_DIR; };
		FADE038E2865D83000C54C5A /* AppDelegate.swift */ = {isa = PBXFileReference; lastKnownFileType = sourcecode.swift; path = AppDelegate.swift; sourceTree = "<group>"; };
		FADE03902865D83000C54C5A /* SceneDelegate.swift */ = {isa = PBXFileReference; lastKnownFileType = sourcecode.swift; path = SceneDelegate.swift; sourceTree = "<group>"; };
		FADE03922865D83000C54C5A /* PodcastsSearchViewController.swift */ = {isa = PBXFileReference; lastKnownFileType = sourcecode.swift; path = PodcastsSearchViewController.swift; sourceTree = "<group>"; };
		FADE03952865D83000C54C5A /* Base */ = {isa = PBXFileReference; lastKnownFileType = file.storyboard; name = Base; path = Base.lproj/Main.storyboard; sourceTree = "<group>"; };
		FADE03982865D83000C54C5A /* TuneBrowse.xcdatamodel */ = {isa = PBXFileReference; lastKnownFileType = wrapper.xcdatamodel; path = TuneBrowse.xcdatamodel; sourceTree = "<group>"; };
		FADE039A2865D83100C54C5A /* Assets.xcassets */ = {isa = PBXFileReference; lastKnownFileType = folder.assetcatalog; path = Assets.xcassets; sourceTree = "<group>"; };
		FADE039D2865D83100C54C5A /* Base */ = {isa = PBXFileReference; lastKnownFileType = file.storyboard; name = Base; path = Base.lproj/LaunchScreen.storyboard; sourceTree = "<group>"; };
		FADE039F2865D83100C54C5A /* Info.plist */ = {isa = PBXFileReference; lastKnownFileType = text.plist.xml; path = Info.plist; sourceTree = "<group>"; };
		FADE03A42865D83100C54C5A /* TuneBrowseTests.xctest */ = {isa = PBXFileReference; explicitFileType = wrapper.cfbundle; includeInIndex = 0; path = TuneBrowseTests.xctest; sourceTree = BUILT_PRODUCTS_DIR; };
		FADE03AE2865D83100C54C5A /* TuneBrowseUITests.xctest */ = {isa = PBXFileReference; explicitFileType = wrapper.cfbundle; includeInIndex = 0; path = TuneBrowseUITests.xctest; sourceTree = BUILT_PRODUCTS_DIR; };
		FADE03B22865D83100C54C5A /* TuneBrowseUITests.swift */ = {isa = PBXFileReference; lastKnownFileType = sourcecode.swift; path = TuneBrowseUITests.swift; sourceTree = "<group>"; };
		FADE03B42865D83100C54C5A /* TuneBrowseUITestsLaunchTests.swift */ = {isa = PBXFileReference; lastKnownFileType = sourcecode.swift; path = TuneBrowseUITestsLaunchTests.swift; sourceTree = "<group>"; };
		FADE03C5286614B900C54C5A /* iTunesAPI.swift */ = {isa = PBXFileReference; lastKnownFileType = sourcecode.swift; path = iTunesAPI.swift; sourceTree = "<group>"; };
		FADE03C72866304C00C54C5A /* PodcastsResults.swift */ = {isa = PBXFileReference; lastKnownFileType = sourcecode.swift; path = PodcastsResults.swift; sourceTree = "<group>"; };
		FADE03CD286633F000C54C5A /* String+Utils.swift */ = {isa = PBXFileReference; lastKnownFileType = sourcecode.swift; path = "String+Utils.swift"; sourceTree = "<group>"; };
		FADE03CF286635BC00C54C5A /* Podcasts.swift */ = {isa = PBXFileReference; lastKnownFileType = sourcecode.swift; path = Podcasts.swift; sourceTree = "<group>"; };
		FADE03D12866468B00C54C5A /* PodcastDetailsViewController.swift */ = {isa = PBXFileReference; lastKnownFileType = sourcecode.swift; path = PodcastDetailsViewController.swift; sourceTree = "<group>"; };
/* End PBXFileReference section */

/* Begin PBXFrameworksBuildPhase section */
		FADE03882865D83000C54C5A /* Frameworks */ = {
			isa = PBXFrameworksBuildPhase;
			buildActionMask = 2147483647;
			files = (
			);
			runOnlyForDeploymentPostprocessing = 0;
		};
		FADE03A12865D83100C54C5A /* Frameworks */ = {
			isa = PBXFrameworksBuildPhase;
			buildActionMask = 2147483647;
			files = (
			);
			runOnlyForDeploymentPostprocessing = 0;
		};
		FADE03AB2865D83100C54C5A /* Frameworks */ = {
			isa = PBXFrameworksBuildPhase;
			buildActionMask = 2147483647;
			files = (
			);
			runOnlyForDeploymentPostprocessing = 0;
		};
/* End PBXFrameworksBuildPhase section */

/* Begin PBXGroup section */
		FA9B7AEE286B8AB800E8EEC2 /* Podcasts Search */ = {
			isa = PBXGroup;
			children = (
				FA9B7AD628664D5700E8EEC2 /* PodcastCellViewModel.swift */,
				FADE03922865D83000C54C5A /* PodcastsSearchViewController.swift */,
				FA9B7ADC2866662100E8EEC2 /* PodcastsSearchViewModel.swift */,
				FA9B7AD42866494500E8EEC2 /* PodcastsTableViewCell.swift */,
			);
			path = "Podcasts Search";
			sourceTree = "<group>";
		};
		FA9B7AEF286B8AC800E8EEC2 /* Podcasts Details */ = {
			isa = PBXGroup;
			children = (
				FADE03D12866468B00C54C5A /* PodcastDetailsViewController.swift */,
				FA9B7AF0286B8EB500E8EEC2 /* PodcastDetailsViewModel.swift */,
			);
			path = "Podcasts Details";
			sourceTree = "<group>";
		};
		FA9B7AFC286C700500E8EEC2 /* Mocks */ = {
			isa = PBXGroup;
			children = (
				FA9B7AFF286C71D300E8EEC2 /* Responses */,
				FA9B7AFD286C701C00E8EEC2 /* URLProtocolMock.swift */,
			);
			path = Mocks;
			sourceTree = "<group>";
		};
		FA9B7AFF286C71D300E8EEC2 /* Responses */ = {
			isa = PBXGroup;
			children = (
				FA9B7B02286C728C00E8EEC2 /* PodcastsResults.json */,
			);
			path = Responses;
			sourceTree = "<group>";
		};
		FADE03822865D83000C54C5A = {
			isa = PBXGroup;
			children = (
				FADE038D2865D83000C54C5A /* TuneBrowse */,
				FADE03A72865D83100C54C5A /* TuneBrowseTests */,
				FADE03B12865D83100C54C5A /* TuneBrowseUITests */,
				FADE038C2865D83000C54C5A /* Products */,
			);
			sourceTree = "<group>";
		};
		FADE038C2865D83000C54C5A /* Products */ = {
			isa = PBXGroup;
			children = (
				FADE038B2865D83000C54C5A /* TuneBrowse.app */,
				FADE03A42865D83100C54C5A /* TuneBrowseTests.xctest */,
				FADE03AE2865D83100C54C5A /* TuneBrowseUITests.xctest */,
			);
			name = Products;
			sourceTree = "<group>";
		};
		FADE038D2865D83000C54C5A /* TuneBrowse */ = {
			isa = PBXGroup;
			children = (
				FADE03CB286633C500C54C5A /* Library */,
				FADE03C42866137000C54C5A /* Models */,
				FADE03C22865EB9200C54C5A /* Management */,
				FADE03C32866135900C54C5A /* User Interface */,
				FADE038E2865D83000C54C5A /* AppDelegate.swift */,
				FADE03902865D83000C54C5A /* SceneDelegate.swift */,
				FADE039A2865D83100C54C5A /* Assets.xcassets */,
				FADE039F2865D83100C54C5A /* Info.plist */,
				FADE03972865D83000C54C5A /* TuneBrowse.xcdatamodeld */,
			);
			path = TuneBrowse;
			sourceTree = "<group>";
		};
		FADE03A72865D83100C54C5A /* TuneBrowseTests */ = {
			isa = PBXGroup;
			children = (
				FA9B7AFA286C6F5D00E8EEC2 /* ITunesAPITests.swift */,
				FA9B7AFC286C700500E8EEC2 /* Mocks */,
			);
			path = TuneBrowseTests;
			sourceTree = "<group>";
		};
		FADE03B12865D83100C54C5A /* TuneBrowseUITests */ = {
			isa = PBXGroup;
			children = (
				FADE03B22865D83100C54C5A /* TuneBrowseUITests.swift */,
				FADE03B42865D83100C54C5A /* TuneBrowseUITestsLaunchTests.swift */,
			);
			path = TuneBrowseUITests;
			sourceTree = "<group>";
		};
		FADE03C12865EB7E00C54C5A /* Networking */ = {
			isa = PBXGroup;
			children = (
				FADE03C5286614B900C54C5A /* iTunesAPI.swift */,
				FA9B7AE8286AEA8500E8EEC2 /* NetworkLoader.swift */,
				FA9B7AE4286A112300E8EEC2 /* Resource.swift */,
			);
			path = Networking;
			sourceTree = "<group>";
		};
		FADE03C22865EB9200C54C5A /* Management */ = {
			isa = PBXGroup;
			children = (
				FADE03C12865EB7E00C54C5A /* Networking */,
			);
			path = Management;
			sourceTree = "<group>";
		};
		FADE03C32866135900C54C5A /* User Interface */ = {
			isa = PBXGroup;
			children = (
				FA9B7AEC286B632300E8EEC2 /* Navigation.swift */,
				FADE03D32866469D00C54C5A /* Podcasts */,
				FADE03942865D83000C54C5A /* Main.storyboard */,
				FADE039C2865D83100C54C5A /* LaunchScreen.storyboard */,
			);
			path = "User Interface";
			sourceTree = "<group>";
		};
		FADE03C42866137000C54C5A /* Models */ = {
			isa = PBXGroup;
			children = (
				FADE03CF286635BC00C54C5A /* Podcasts.swift */,
				FADE03C72866304C00C54C5A /* PodcastsResults.swift */,
				FA9B7ADE2869DCB900E8EEC2 /* PodcastsUseCase.swift */,
				FA9B7AD82866578200E8EEC2 /* RequestError.swift */,
			);
			path = Models;
			sourceTree = "<group>";
		};
		FADE03CB286633C500C54C5A /* Library */ = {
			isa = PBXGroup;
			children = (
				FADE03CC286633CD00C54C5A /* Common */,
			);
			path = Library;
			sourceTree = "<group>";
		};
		FADE03CC286633CD00C54C5A /* Common */ = {
			isa = PBXGroup;
			children = (
				FA9B7AE6286A30E800E8EEC2 /* Publisher+Utils.swift */,
				FA9B7AE02869FA3E00E8EEC2 /* Scheduler+Utils.swift */,
				FADE03CD286633F000C54C5A /* String+Utils.swift */,
				FA9B7ADA2866585600E8EEC2 /* UIImage+Combine.swift */,
				FA9B7AEA286B106E00E8EEC2 /* UITableView+Utils.swift */,
			);
			path = Common;
			sourceTree = "<group>";
		};
		FADE03D32866469D00C54C5A /* Podcasts */ = {
			isa = PBXGroup;
			children = (
				FA9B7AEF286B8AC800E8EEC2 /* Podcasts Details */,
				FA9B7AEE286B8AB800E8EEC2 /* Podcasts Search */,
			);
			path = Podcasts;
			sourceTree = "<group>";
		};
/* End PBXGroup section */

/* Begin PBXNativeTarget section */
		FADE038A2865D83000C54C5A /* TuneBrowse */ = {
			isa = PBXNativeTarget;
			buildConfigurationList = FADE03B82865D83100C54C5A /* Build configuration list for PBXNativeTarget "TuneBrowse" */;
			buildPhases = (
				FADE03872865D83000C54C5A /* Sources */,
				FADE03882865D83000C54C5A /* Frameworks */,
				FADE03892865D83000C54C5A /* Resources */,
			);
			buildRules = (
			);
			dependencies = (
			);
			name = TuneBrowse;
			productName = TuneBrowse;
			productReference = FADE038B2865D83000C54C5A /* TuneBrowse.app */;
			productType = "com.apple.product-type.application";
		};
		FADE03A32865D83100C54C5A /* TuneBrowseTests */ = {
			isa = PBXNativeTarget;
			buildConfigurationList = FADE03BB2865D83100C54C5A /* Build configuration list for PBXNativeTarget "TuneBrowseTests" */;
			buildPhases = (
				FADE03A02865D83100C54C5A /* Sources */,
				FADE03A12865D83100C54C5A /* Frameworks */,
				FADE03A22865D83100C54C5A /* Resources */,
			);
			buildRules = (
			);
			dependencies = (
				FADE03A62865D83100C54C5A /* PBXTargetDependency */,
			);
			name = TuneBrowseTests;
			productName = TuneBrowseTests;
			productReference = FADE03A42865D83100C54C5A /* TuneBrowseTests.xctest */;
			productType = "com.apple.product-type.bundle.unit-test";
		};
		FADE03AD2865D83100C54C5A /* TuneBrowseUITests */ = {
			isa = PBXNativeTarget;
			buildConfigurationList = FADE03BE2865D83100C54C5A /* Build configuration list for PBXNativeTarget "TuneBrowseUITests" */;
			buildPhases = (
				FADE03AA2865D83100C54C5A /* Sources */,
				FADE03AB2865D83100C54C5A /* Frameworks */,
				FADE03AC2865D83100C54C5A /* Resources */,
			);
			buildRules = (
			);
			dependencies = (
				FADE03B02865D83100C54C5A /* PBXTargetDependency */,
			);
			name = TuneBrowseUITests;
			productName = TuneBrowseUITests;
			productReference = FADE03AE2865D83100C54C5A /* TuneBrowseUITests.xctest */;
			productType = "com.apple.product-type.bundle.ui-testing";
		};
/* End PBXNativeTarget section */

/* Begin PBXProject section */
		FADE03832865D83000C54C5A /* Project object */ = {
			isa = PBXProject;
			attributes = {
				BuildIndependentTargetsInParallel = 1;
				LastSwiftUpdateCheck = 1340;
				LastUpgradeCheck = 1340;
				TargetAttributes = {
					FADE038A2865D83000C54C5A = {
						CreatedOnToolsVersion = 13.4;
					};
					FADE03A32865D83100C54C5A = {
						CreatedOnToolsVersion = 13.4;
						TestTargetID = FADE038A2865D83000C54C5A;
					};
					FADE03AD2865D83100C54C5A = {
						CreatedOnToolsVersion = 13.4;
						TestTargetID = FADE038A2865D83000C54C5A;
					};
				};
			};
			buildConfigurationList = FADE03862865D83000C54C5A /* Build configuration list for PBXProject "TuneBrowse" */;
			compatibilityVersion = "Xcode 13.0";
			developmentRegion = en;
			hasScannedForEncodings = 0;
			knownRegions = (
				en,
				Base,
			);
			mainGroup = FADE03822865D83000C54C5A;
			productRefGroup = FADE038C2865D83000C54C5A /* Products */;
			projectDirPath = "";
			projectRoot = "";
			targets = (
				FADE038A2865D83000C54C5A /* TuneBrowse */,
				FADE03A32865D83100C54C5A /* TuneBrowseTests */,
				FADE03AD2865D83100C54C5A /* TuneBrowseUITests */,
			);
		};
/* End PBXProject section */

/* Begin PBXResourcesBuildPhase section */
		FADE03892865D83000C54C5A /* Resources */ = {
			isa = PBXResourcesBuildPhase;
			buildActionMask = 2147483647;
			files = (
				FADE039E2865D83100C54C5A /* LaunchScreen.storyboard in Resources */,
				FADE039B2865D83100C54C5A /* Assets.xcassets in Resources */,
				FADE03962865D83000C54C5A /* Main.storyboard in Resources */,
			);
			runOnlyForDeploymentPostprocessing = 0;
		};
		FADE03A22865D83100C54C5A /* Resources */ = {
			isa = PBXResourcesBuildPhase;
			buildActionMask = 2147483647;
			files = (
				FA9B7B03286C728C00E8EEC2 /* PodcastsResults.json in Resources */,
			);
			runOnlyForDeploymentPostprocessing = 0;
		};
		FADE03AC2865D83100C54C5A /* Resources */ = {
			isa = PBXResourcesBuildPhase;
			buildActionMask = 2147483647;
			files = (
			);
			runOnlyForDeploymentPostprocessing = 0;
		};
/* End PBXResourcesBuildPhase section */

/* Begin PBXSourcesBuildPhase section */
		FADE03872865D83000C54C5A /* Sources */ = {
			isa = PBXSourcesBuildPhase;
			buildActionMask = 2147483647;
			files = (
				FA9B7AF1286B8EB500E8EEC2 /* PodcastDetailsViewModel.swift in Sources */,
				FA9B7ADB2866585600E8EEC2 /* UIImage+Combine.swift in Sources */,
				FADE03932865D83000C54C5A /* PodcastsSearchViewController.swift in Sources */,
				FADE03C6286614B900C54C5A /* iTunesAPI.swift in Sources */,
				FA9B7AE9286AEA8500E8EEC2 /* NetworkLoader.swift in Sources */,
				FA9B7AD728664D5700E8EEC2 /* PodcastCellViewModel.swift in Sources */,
				FADE03992865D83000C54C5A /* TuneBrowse.xcdatamodeld in Sources */,
				FADE03D22866468B00C54C5A /* PodcastDetailsViewController.swift in Sources */,
				FA9B7AE7286A30E800E8EEC2 /* Publisher+Utils.swift in Sources */,
				FA9B7AD52866494500E8EEC2 /* PodcastsTableViewCell.swift in Sources */,
				FA9B7AED286B632300E8EEC2 /* Navigation.swift in Sources */,
				FADE038F2865D83000C54C5A /* AppDelegate.swift in Sources */,
				FA9B7AE5286A112300E8EEC2 /* Resource.swift in Sources */,
				FADE03912865D83000C54C5A /* SceneDelegate.swift in Sources */,
				FA9B7ADD2866662100E8EEC2 /* PodcastsSearchViewModel.swift in Sources */,
				FA9B7AD92866578200E8EEC2 /* RequestError.swift in Sources */,
				FA9B7AE12869FA3E00E8EEC2 /* Scheduler+Utils.swift in Sources */,
				FA9B7ADF2869DCB900E8EEC2 /* PodcastsUseCase.swift in Sources */,
				FADE03CE286633F000C54C5A /* String+Utils.swift in Sources */,
				FADE03D0286635BC00C54C5A /* Podcasts.swift in Sources */,
				FADE03C82866304C00C54C5A /* PodcastsResults.swift in Sources */,
				FA9B7AEB286B106E00E8EEC2 /* UITableView+Utils.swift in Sources */,
			);
			runOnlyForDeploymentPostprocessing = 0;
		};
		FADE03A02865D83100C54C5A /* Sources */ = {
			isa = PBXSourcesBuildPhase;
			buildActionMask = 2147483647;
			files = (
				FA9B7AFB286C6F5D00E8EEC2 /* ITunesAPITests.swift in Sources */,
				FA9B7AFE286C701C00E8EEC2 /* URLProtocolMock.swift in Sources */,
			);
			runOnlyForDeploymentPostprocessing = 0;
		};
		FADE03AA2865D83100C54C5A /* Sources */ = {
			isa = PBXSourcesBuildPhase;
			buildActionMask = 2147483647;
			files = (
				FADE03B52865D83100C54C5A /* TuneBrowseUITestsLaunchTests.swift in Sources */,
				FADE03B32865D83100C54C5A /* TuneBrowseUITests.swift in Sources */,
			);
			runOnlyForDeploymentPostprocessing = 0;
		};
/* End PBXSourcesBuildPhase section */

/* Begin PBXTargetDependency section */
		FADE03A62865D83100C54C5A /* PBXTargetDependency */ = {
			isa = PBXTargetDependency;
			target = FADE038A2865D83000C54C5A /* TuneBrowse */;
			targetProxy = FADE03A52865D83100C54C5A /* PBXContainerItemProxy */;
		};
		FADE03B02865D83100C54C5A /* PBXTargetDependency */ = {
			isa = PBXTargetDependency;
			target = FADE038A2865D83000C54C5A /* TuneBrowse */;
			targetProxy = FADE03AF2865D83100C54C5A /* PBXContainerItemProxy */;
		};
/* End PBXTargetDependency section */

/* Begin PBXVariantGroup section */
		FADE03942865D83000C54C5A /* Main.storyboard */ = {
			isa = PBXVariantGroup;
			children = (
				FADE03952865D83000C54C5A /* Base */,
			);
			name = Main.storyboard;
			sourceTree = "<group>";
		};
		FADE039C2865D83100C54C5A /* LaunchScreen.storyboard */ = {
			isa = PBXVariantGroup;
			children = (
				FADE039D2865D83100C54C5A /* Base */,
			);
			name = LaunchScreen.storyboard;
			sourceTree = "<group>";
		};
/* End PBXVariantGroup section */

/* Begin XCBuildConfiguration section */
		FADE03B62865D83100C54C5A /* Debug */ = {
			isa = XCBuildConfiguration;
			buildSettings = {
				ALWAYS_SEARCH_USER_PATHS = NO;
				CLANG_ANALYZER_NONNULL = YES;
				CLANG_ANALYZER_NUMBER_OBJECT_CONVERSION = YES_AGGRESSIVE;
				CLANG_CXX_LANGUAGE_STANDARD = "gnu++17";
				CLANG_ENABLE_MODULES = YES;
				CLANG_ENABLE_OBJC_ARC = YES;
				CLANG_ENABLE_OBJC_WEAK = YES;
				CLANG_WARN_BLOCK_CAPTURE_AUTORELEASING = YES;
				CLANG_WARN_BOOL_CONVERSION = YES;
				CLANG_WARN_COMMA = YES;
				CLANG_WARN_CONSTANT_CONVERSION = YES;
				CLANG_WARN_DEPRECATED_OBJC_IMPLEMENTATIONS = YES;
				CLANG_WARN_DIRECT_OBJC_ISA_USAGE = YES_ERROR;
				CLANG_WARN_DOCUMENTATION_COMMENTS = YES;
				CLANG_WARN_EMPTY_BODY = YES;
				CLANG_WARN_ENUM_CONVERSION = YES;
				CLANG_WARN_INFINITE_RECURSION = YES;
				CLANG_WARN_INT_CONVERSION = YES;
				CLANG_WARN_NON_LITERAL_NULL_CONVERSION = YES;
				CLANG_WARN_OBJC_IMPLICIT_RETAIN_SELF = YES;
				CLANG_WARN_OBJC_LITERAL_CONVERSION = YES;
				CLANG_WARN_OBJC_ROOT_CLASS = YES_ERROR;
				CLANG_WARN_QUOTED_INCLUDE_IN_FRAMEWORK_HEADER = YES;
				CLANG_WARN_RANGE_LOOP_ANALYSIS = YES;
				CLANG_WARN_STRICT_PROTOTYPES = YES;
				CLANG_WARN_SUSPICIOUS_MOVE = YES;
				CLANG_WARN_UNGUARDED_AVAILABILITY = YES_AGGRESSIVE;
				CLANG_WARN_UNREACHABLE_CODE = YES;
				CLANG_WARN__DUPLICATE_METHOD_MATCH = YES;
				COPY_PHASE_STRIP = NO;
				DEBUG_INFORMATION_FORMAT = dwarf;
				ENABLE_STRICT_OBJC_MSGSEND = YES;
				ENABLE_TESTABILITY = YES;
				GCC_C_LANGUAGE_STANDARD = gnu11;
				GCC_DYNAMIC_NO_PIC = NO;
				GCC_NO_COMMON_BLOCKS = YES;
				GCC_OPTIMIZATION_LEVEL = 0;
				GCC_PREPROCESSOR_DEFINITIONS = (
					"DEBUG=1",
					"$(inherited)",
				);
				GCC_WARN_64_TO_32_BIT_CONVERSION = YES;
				GCC_WARN_ABOUT_RETURN_TYPE = YES_ERROR;
				GCC_WARN_UNDECLARED_SELECTOR = YES;
				GCC_WARN_UNINITIALIZED_AUTOS = YES_AGGRESSIVE;
				GCC_WARN_UNUSED_FUNCTION = YES;
				GCC_WARN_UNUSED_VARIABLE = YES;
				IPHONEOS_DEPLOYMENT_TARGET = 15.5;
				MTL_ENABLE_DEBUG_INFO = INCLUDE_SOURCE;
				MTL_FAST_MATH = YES;
				ONLY_ACTIVE_ARCH = YES;
				SDKROOT = iphoneos;
				SWIFT_ACTIVE_COMPILATION_CONDITIONS = DEBUG;
				SWIFT_OPTIMIZATION_LEVEL = "-Onone";
			};
			name = Debug;
		};
		FADE03B72865D83100C54C5A /* Release */ = {
			isa = XCBuildConfiguration;
			buildSettings = {
				ALWAYS_SEARCH_USER_PATHS = NO;
				CLANG_ANALYZER_NONNULL = YES;
				CLANG_ANALYZER_NUMBER_OBJECT_CONVERSION = YES_AGGRESSIVE;
				CLANG_CXX_LANGUAGE_STANDARD = "gnu++17";
				CLANG_ENABLE_MODULES = YES;
				CLANG_ENABLE_OBJC_ARC = YES;
				CLANG_ENABLE_OBJC_WEAK = YES;
				CLANG_WARN_BLOCK_CAPTURE_AUTORELEASING = YES;
				CLANG_WARN_BOOL_CONVERSION = YES;
				CLANG_WARN_COMMA = YES;
				CLANG_WARN_CONSTANT_CONVERSION = YES;
				CLANG_WARN_DEPRECATED_OBJC_IMPLEMENTATIONS = YES;
				CLANG_WARN_DIRECT_OBJC_ISA_USAGE = YES_ERROR;
				CLANG_WARN_DOCUMENTATION_COMMENTS = YES;
				CLANG_WARN_EMPTY_BODY = YES;
				CLANG_WARN_ENUM_CONVERSION = YES;
				CLANG_WARN_INFINITE_RECURSION = YES;
				CLANG_WARN_INT_CONVERSION = YES;
				CLANG_WARN_NON_LITERAL_NULL_CONVERSION = YES;
				CLANG_WARN_OBJC_IMPLICIT_RETAIN_SELF = YES;
				CLANG_WARN_OBJC_LITERAL_CONVERSION = YES;
				CLANG_WARN_OBJC_ROOT_CLASS = YES_ERROR;
				CLANG_WARN_QUOTED_INCLUDE_IN_FRAMEWORK_HEADER = YES;
				CLANG_WARN_RANGE_LOOP_ANALYSIS = YES;
				CLANG_WARN_STRICT_PROTOTYPES = YES;
				CLANG_WARN_SUSPICIOUS_MOVE = YES;
				CLANG_WARN_UNGUARDED_AVAILABILITY = YES_AGGRESSIVE;
				CLANG_WARN_UNREACHABLE_CODE = YES;
				CLANG_WARN__DUPLICATE_METHOD_MATCH = YES;
				COPY_PHASE_STRIP = NO;
				DEBUG_INFORMATION_FORMAT = "dwarf-with-dsym";
				ENABLE_NS_ASSERTIONS = NO;
				ENABLE_STRICT_OBJC_MSGSEND = YES;
				GCC_C_LANGUAGE_STANDARD = gnu11;
				GCC_NO_COMMON_BLOCKS = YES;
				GCC_WARN_64_TO_32_BIT_CONVERSION = YES;
				GCC_WARN_ABOUT_RETURN_TYPE = YES_ERROR;
				GCC_WARN_UNDECLARED_SELECTOR = YES;
				GCC_WARN_UNINITIALIZED_AUTOS = YES_AGGRESSIVE;
				GCC_WARN_UNUSED_FUNCTION = YES;
				GCC_WARN_UNUSED_VARIABLE = YES;
				IPHONEOS_DEPLOYMENT_TARGET = 15.5;
				MTL_ENABLE_DEBUG_INFO = NO;
				MTL_FAST_MATH = YES;
				SDKROOT = iphoneos;
				SWIFT_COMPILATION_MODE = wholemodule;
				SWIFT_OPTIMIZATION_LEVEL = "-O";
				VALIDATE_PRODUCT = YES;
			};
			name = Release;
		};
		FADE03B92865D83100C54C5A /* Debug */ = {
			isa = XCBuildConfiguration;
			buildSettings = {
				ASSETCATALOG_COMPILER_APPICON_NAME = AppIcon;
				ASSETCATALOG_COMPILER_GLOBAL_ACCENT_COLOR_NAME = AccentColor;
				CODE_SIGN_STYLE = Automatic;
				CURRENT_PROJECT_VERSION = 1;
				DEVELOPMENT_TEAM = METTN322S5;
				GENERATE_INFOPLIST_FILE = YES;
				INFOPLIST_FILE = TuneBrowse/Info.plist;
				INFOPLIST_KEY_UIApplicationSupportsIndirectInputEvents = YES;
				INFOPLIST_KEY_UILaunchStoryboardName = LaunchScreen;
				INFOPLIST_KEY_UIMainStoryboardFile = Main;
				INFOPLIST_KEY_UISupportedInterfaceOrientations_iPad = "UIInterfaceOrientationPortrait UIInterfaceOrientationPortraitUpsideDown UIInterfaceOrientationLandscapeLeft UIInterfaceOrientationLandscapeRight";
				INFOPLIST_KEY_UISupportedInterfaceOrientations_iPhone = "UIInterfaceOrientationPortrait UIInterfaceOrientationLandscapeLeft UIInterfaceOrientationLandscapeRight";
				LD_RUNPATH_SEARCH_PATHS = (
					"$(inherited)",
					"@executable_path/Frameworks",
				);
				MARKETING_VERSION = 1.0;
				PRODUCT_BUNDLE_IDENTIFIER = com.mesmerize.TuneBrowse;
				PRODUCT_NAME = "$(TARGET_NAME)";
				SWIFT_EMIT_LOC_STRINGS = YES;
				SWIFT_VERSION = 5.0;
				TARGETED_DEVICE_FAMILY = 1;
			};
			name = Debug;
		};
		FADE03BA2865D83100C54C5A /* Release */ = {
			isa = XCBuildConfiguration;
			buildSettings = {
				ASSETCATALOG_COMPILER_APPICON_NAME = AppIcon;
				ASSETCATALOG_COMPILER_GLOBAL_ACCENT_COLOR_NAME = AccentColor;
				CODE_SIGN_STYLE = Automatic;
				CURRENT_PROJECT_VERSION = 1;
				DEVELOPMENT_TEAM = METTN322S5;
				GENERATE_INFOPLIST_FILE = YES;
				INFOPLIST_FILE = TuneBrowse/Info.plist;
				INFOPLIST_KEY_UIApplicationSupportsIndirectInputEvents = YES;
				INFOPLIST_KEY_UILaunchStoryboardName = LaunchScreen;
				INFOPLIST_KEY_UIMainStoryboardFile = Main;
				INFOPLIST_KEY_UISupportedInterfaceOrientations_iPad = "UIInterfaceOrientationPortrait UIInterfaceOrientationPortraitUpsideDown UIInterfaceOrientationLandscapeLeft UIInterfaceOrientationLandscapeRight";
				INFOPLIST_KEY_UISupportedInterfaceOrientations_iPhone = "UIInterfaceOrientationPortrait UIInterfaceOrientationLandscapeLeft UIInterfaceOrientationLandscapeRight";
				LD_RUNPATH_SEARCH_PATHS = (
					"$(inherited)",
					"@executable_path/Frameworks",
				);
				MARKETING_VERSION = 1.0;
				PRODUCT_BUNDLE_IDENTIFIER = com.mesmerize.TuneBrowse;
				PRODUCT_NAME = "$(TARGET_NAME)";
				SWIFT_EMIT_LOC_STRINGS = YES;
				SWIFT_VERSION = 5.0;
				TARGETED_DEVICE_FAMILY = 1;
			};
			name = Release;
		};
		FADE03BC2865D83100C54C5A /* Debug */ = {
			isa = XCBuildConfiguration;
			buildSettings = {
				ALWAYS_EMBED_SWIFT_STANDARD_LIBRARIES = YES;
				BUNDLE_LOADER = "$(TEST_HOST)";
				CODE_SIGN_STYLE = Automatic;
				CURRENT_PROJECT_VERSION = 1;
				DEVELOPMENT_TEAM = METTN322S5;
				GENERATE_INFOPLIST_FILE = YES;
				IPHONEOS_DEPLOYMENT_TARGET = 15.5;
				MARKETING_VERSION = 1.0;
				PRODUCT_BUNDLE_IDENTIFIER = com.mesmerize.TuneBrowseTests;
				PRODUCT_NAME = "$(TARGET_NAME)";
				SWIFT_EMIT_LOC_STRINGS = NO;
				SWIFT_VERSION = 5.0;
				TARGETED_DEVICE_FAMILY = "1,2";
				TEST_HOST = "$(BUILT_PRODUCTS_DIR)/TuneBrowse.app/TuneBrowse";
			};
			name = Debug;
		};
		FADE03BD2865D83100C54C5A /* Release */ = {
			isa = XCBuildConfiguration;
			buildSettings = {
				ALWAYS_EMBED_SWIFT_STANDARD_LIBRARIES = YES;
				BUNDLE_LOADER = "$(TEST_HOST)";
				CODE_SIGN_STYLE = Automatic;
				CURRENT_PROJECT_VERSION = 1;
				DEVELOPMENT_TEAM = METTN322S5;
				GENERATE_INFOPLIST_FILE = YES;
				IPHONEOS_DEPLOYMENT_TARGET = 15.5;
				MARKETING_VERSION = 1.0;
				PRODUCT_BUNDLE_IDENTIFIER = com.mesmerize.TuneBrowseTests;
				PRODUCT_NAME = "$(TARGET_NAME)";
				SWIFT_EMIT_LOC_STRINGS = NO;
				SWIFT_VERSION = 5.0;
				TARGETED_DEVICE_FAMILY = "1,2";
				TEST_HOST = "$(BUILT_PRODUCTS_DIR)/TuneBrowse.app/TuneBrowse";
			};
			name = Release;
		};
		FADE03BF2865D83100C54C5A /* Debug */ = {
			isa = XCBuildConfiguration;
			buildSettings = {
				ALWAYS_EMBED_SWIFT_STANDARD_LIBRARIES = YES;
				CODE_SIGN_STYLE = Automatic;
				CURRENT_PROJECT_VERSION = 1;
				DEVELOPMENT_TEAM = METTN322S5;
				GENERATE_INFOPLIST_FILE = YES;
				MARKETING_VERSION = 1.0;
				PRODUCT_BUNDLE_IDENTIFIER = com.mesmerize.TuneBrowseUITests;
				PRODUCT_NAME = "$(TARGET_NAME)";
				SWIFT_EMIT_LOC_STRINGS = NO;
				SWIFT_VERSION = 5.0;
				TARGETED_DEVICE_FAMILY = "1,2";
				TEST_TARGET_NAME = TuneBrowse;
			};
			name = Debug;
		};
		FADE03C02865D83100C54C5A /* Release */ = {
			isa = XCBuildConfiguration;
			buildSettings = {
				ALWAYS_EMBED_SWIFT_STANDARD_LIBRARIES = YES;
				CODE_SIGN_STYLE = Automatic;
				CURRENT_PROJECT_VERSION = 1;
				DEVELOPMENT_TEAM = METTN322S5;
				GENERATE_INFOPLIST_FILE = YES;
				MARKETING_VERSION = 1.0;
				PRODUCT_BUNDLE_IDENTIFIER = com.mesmerize.TuneBrowseUITests;
				PRODUCT_NAME = "$(TARGET_NAME)";
				SWIFT_EMIT_LOC_STRINGS = NO;
				SWIFT_VERSION = 5.0;
				TARGETED_DEVICE_FAMILY = "1,2";
				TEST_TARGET_NAME = TuneBrowse;
			};
			name = Release;
		};
/* End XCBuildConfiguration section */

/* Begin XCConfigurationList section */
		FADE03862865D83000C54C5A /* Build configuration list for PBXProject "TuneBrowse" */ = {
			isa = XCConfigurationList;
			buildConfigurations = (
				FADE03B62865D83100C54C5A /* Debug */,
				FADE03B72865D83100C54C5A /* Release */,
			);
			defaultConfigurationIsVisible = 0;
			defaultConfigurationName = Release;
		};
		FADE03B82865D83100C54C5A /* Build configuration list for PBXNativeTarget "TuneBrowse" */ = {
			isa = XCConfigurationList;
			buildConfigurations = (
				FADE03B92865D83100C54C5A /* Debug */,
				FADE03BA2865D83100C54C5A /* Release */,
			);
			defaultConfigurationIsVisible = 0;
			defaultConfigurationName = Release;
		};
		FADE03BB2865D83100C54C5A /* Build configuration list for PBXNativeTarget "TuneBrowseTests" */ = {
			isa = XCConfigurationList;
			buildConfigurations = (
				FADE03BC2865D83100C54C5A /* Debug */,
				FADE03BD2865D83100C54C5A /* Release */,
			);
			defaultConfigurationIsVisible = 0;
			defaultConfigurationName = Release;
		};
		FADE03BE2865D83100C54C5A /* Build configuration list for PBXNativeTarget "TuneBrowseUITests" */ = {
			isa = XCConfigurationList;
			buildConfigurations = (
				FADE03BF2865D83100C54C5A /* Debug */,
				FADE03C02865D83100C54C5A /* Release */,
			);
			defaultConfigurationIsVisible = 0;
			defaultConfigurationName = Release;
		};
/* End XCConfigurationList section */

/* Begin XCVersionGroup section */
		FADE03972865D83000C54C5A /* TuneBrowse.xcdatamodeld */ = {
			isa = XCVersionGroup;
			children = (
				FADE03982865D83000C54C5A /* TuneBrowse.xcdatamodel */,
			);
			currentVersion = FADE03982865D83000C54C5A /* TuneBrowse.xcdatamodel */;
			path = TuneBrowse.xcdatamodeld;
			sourceTree = "<group>";
			versionGroupType = wrapper.xcdatamodel;
		};
/* End XCVersionGroup section */
	};
	rootObject = FADE03832865D83000C54C5A /* Project object */;
}
